{
  "pins" : [
    {
      "identity" : "alradiobuttons",
      "kind" : "remoteSourceControl",
      "location" : "https://github.com/alxrguz/ALRadioButtons",
      "state" : {
        "revision" : "2bd21f34fd83369db029c461eadb5106980da6e9",
        "version" : "1.2.2"
      }
    }
  ],
  "version" : 2
}
