// !$*UTF8*$!
{
	archiveVersion = 1;
	classes = {
	};
	objectVersion = 56;
	objects = {

/* Begin PBXBuildFile section */
		2F75C7E52909099200707553 /* AppDelegate.swift in Sources */ = {isa = PBXBuildFile; fileRef = 2F75C7E42909099200707553 /* AppDelegate.swift */; };
		2F75C7E72909099200707553 /* SceneDelegate.swift in Sources */ = {isa = PBXBuildFile; fileRef = 2F75C7E62909099200707553 /* SceneDelegate.swift */; };
		2F75C7EE2909099500707553 /* Assets.xcassets in Resources */ = {isa = PBXBuildFile; fileRef = 2F75C7ED2909099500707553 /* Assets.xcassets */; };
		2F75C7F12909099500707553 /* LaunchScreen.storyboard in Resources */ = {isa = PBXBuildFile; fileRef = 2F75C7EF2909099500707553 /* LaunchScreen.storyboard */; };
		2F75C7FA29090A0100707553 /* HomeViewController.swift in Sources */ = {isa = PBXBuildFile; fileRef = 2F75C7F829090A0100707553 /* HomeViewController.swift */; };
		2F75C7FB29090A0100707553 /* HomeViewController.xib in Resources */ = {isa = PBXBuildFile; fileRef = 2F75C7F929090A0100707553 /* HomeViewController.xib */; };
		2F75C7FE29090C2500707553 /* CalculateViewController.swift in Sources */ = {isa = PBXBuildFile; fileRef = 2F75C7FC29090C2500707553 /* CalculateViewController.swift */; };
		2F75C7FF29090C2500707553 /* CalculateViewController.xib in Resources */ = {isa = PBXBuildFile; fileRef = 2F75C7FD29090C2500707553 /* CalculateViewController.xib */; };
		2F75C801290931DC00707553 /* CalculateLogic.swift in Sources */ = {isa = PBXBuildFile; fileRef = 2F75C800290931DC00707553 /* CalculateLogic.swift */; };
/* End PBXBuildFile section */

/* Begin PBXFileReference section */
		2F75C7E12909099200707553 /* IntroductUIKit.app */ = {isa = PBXFileReference; explicitFileType = wrapper.application; includeInIndex = 0; path = IntroductUIKit.app; sourceTree = BUILT_PRODUCTS_DIR; };
		2F75C7E42909099200707553 /* AppDelegate.swift */ = {isa = PBXFileReference; lastKnownFileType = sourcecode.swift; path = AppDelegate.swift; sourceTree = "<group>"; };
		2F75C7E62909099200707553 /* SceneDelegate.swift */ = {isa = PBXFileReference; lastKnownFileType = sourcecode.swift; path = SceneDelegate.swift; sourceTree = "<group>"; };
		2F75C7ED2909099500707553 /* Assets.xcassets */ = {isa = PBXFileReference; lastKnownFileType = folder.assetcatalog; path = Assets.xcassets; sourceTree = "<group>"; };
		2F75C7F02909099500707553 /* Base */ = {isa = PBXFileReference; lastKnownFileType = file.storyboard; name = Base; path = Base.lproj/LaunchScreen.storyboard; sourceTree = "<group>"; };
		2F75C7F22909099500707553 /* Info.plist */ = {isa = PBXFileReference; lastKnownFileType = text.plist.xml; path = Info.plist; sourceTree = "<group>"; };
		2F75C7F829090A0100707553 /* HomeViewController.swift */ = {isa = PBXFileReference; lastKnownFileType = sourcecode.swift; path = HomeViewController.swift; sourceTree = "<group>"; };
		2F75C7F929090A0100707553 /* HomeViewController.xib */ = {isa = PBXFileReference; lastKnownFileType = file.xib; path = HomeViewController.xib; sourceTree = "<group>"; };
		2F75C7FC29090C2500707553 /* CalculateViewController.swift */ = {isa = PBXFileReference; lastKnownFileType = sourcecode.swift; path = CalculateViewController.swift; sourceTree = "<group>"; };
		2F75C7FD29090C2500707553 /* CalculateViewController.xib */ = {isa = PBXFileReference; lastKnownFileType = file.xib; path = CalculateViewController.xib; sourceTree = "<group>"; };
		2F75C800290931DC00707553 /* CalculateLogic.swift */ = {isa = PBXFileReference; lastKnownFileType = sourcecode.swift; path = CalculateLogic.swift; sourceTree = "<group>"; };
/* End PBXFileReference section */

/* Begin PBXFrameworksBuildPhase section */
		2F75C7DE2909099200707553 /* Frameworks */ = {
			isa = PBXFrameworksBuildPhase;
			buildActionMask = 2147483647;
			files = (
			);
			runOnlyForDeploymentPostprocessing = 0;
		};
/* End PBXFrameworksBuildPhase section */

/* Begin PBXGroup section */
		2F75C7D82909099200707553 = {
			isa = PBXGroup;
			children = (
				2F75C7E32909099200707553 /* IntroductUIKit */,
				2F75C7E22909099200707553 /* Products */,
			);
			sourceTree = "<group>";
		};
		2F75C7E22909099200707553 /* Products */ = {
			isa = PBXGroup;
			children = (
				2F75C7E12909099200707553 /* IntroductUIKit.app */,
			);
			name = Products;
			sourceTree = "<group>";
		};
		2F75C7E32909099200707553 /* IntroductUIKit */ = {
			isa = PBXGroup;
			children = (
				2F75C7E42909099200707553 /* AppDelegate.swift */,
				2F75C7E62909099200707553 /* SceneDelegate.swift */,
				2F75C7ED2909099500707553 /* Assets.xcassets */,
				2F75C7EF2909099500707553 /* LaunchScreen.storyboard */,
				2F75C7F22909099500707553 /* Info.plist */,
				2F75C7F829090A0100707553 /* HomeViewController.swift */,
				2F75C7F929090A0100707553 /* HomeViewController.xib */,
				2F75C7FC29090C2500707553 /* CalculateViewController.swift */,
				2F75C7FD29090C2500707553 /* CalculateViewController.xib */,
				2F75C800290931DC00707553 /* CalculateLogic.swift */,
			);
			path = IntroductUIKit;
			sourceTree = "<group>";
		};
/* End PBXGroup section */

/* Begin PBXNativeTarget section */
		2F75C7E02909099200707553 /* IntroductUIKit */ = {
			isa = PBXNativeTarget;
			buildConfigurationList = 2F75C7F52909099500707553 /* Build configuration list for PBXNativeTarget "IntroductUIKit" */;
			buildPhases = (
				2F75C7DD2909099200707553 /* Sources */,
				2F75C7DE2909099200707553 /* Frameworks */,
				2F75C7DF2909099200707553 /* Resources */,
			);
			buildRules = (
			);
			dependencies = (
			);
			name = IntroductUIKit;
			productName = IntroductUIKit;
			productReference = 2F75C7E12909099200707553 /* IntroductUIKit.app */;
			productType = "com.apple.product-type.application";
		};
/* End PBXNativeTarget section */

/* Begin PBXProject section */
		2F75C7D92909099200707553 /* Project object */ = {
			isa = PBXProject;
			attributes = {
				BuildIndependentTargetsInParallel = 1;
				LastSwiftUpdateCheck = 1400;
				LastUpgradeCheck = 1400;
				TargetAttributes = {
					2F75C7E02909099200707553 = {
						CreatedOnToolsVersion = 14.0.1;
					};
				};
			};
			buildConfigurationList = 2F75C7DC2909099200707553 /* Build configuration list for PBXProject "IntroductUIKit" */;
			compatibilityVersion = "Xcode 14.0";
			developmentRegion = en;
			hasScannedForEncodings = 0;
			knownRegions = (
				en,
				Base,
			);
			mainGroup = 2F75C7D82909099200707553;
			productRefGroup = 2F75C7E22909099200707553 /* Products */;
			projectDirPath = "";
			projectRoot = "";
			targets = (
				2F75C7E02909099200707553 /* IntroductUIKit */,
			);
		};
/* End PBXProject section */

/* Begin PBXResourcesBuildPhase section */
		2F75C7DF2909099200707553 /* Resources */ = {
			isa = PBXResourcesBuildPhase;
			buildActionMask = 2147483647;
			files = (
				2F75C7F12909099500707553 /* LaunchScreen.storyboard in Resources */,
				2F75C7FF29090C2500707553 /* CalculateViewController.xib in Resources */,
				2F75C7EE2909099500707553 /* Assets.xcassets in Resources */,
				2F75C7FB29090A0100707553 /* HomeViewController.xib in Resources */,
			);
			runOnlyForDeploymentPostprocessing = 0;
		};
/* End PBXResourcesBuildPhase section */

/* Begin PBXSourcesBuildPhase section */
		2F75C7DD2909099200707553 /* Sources */ = {
			isa = PBXSourcesBuildPhase;
			buildActionMask = 2147483647;
			files = (
				2F75C7E52909099200707553 /* AppDelegate.swift in Sources */,
				2F75C801290931DC00707553 /* CalculateLogic.swift in Sources */,
				2F75C7FE29090C2500707553 /* CalculateViewController.swift in Sources */,
				2F75C7E72909099200707553 /* SceneDelegate.swift in Sources */,
				2F75C7FA29090A0100707553 /* HomeViewController.swift in Sources */,
			);
			runOnlyForDeploymentPostprocessing = 0;
		};
/* End PBXSourcesBuildPhase section */

/* Begin PBXVariantGroup section */
		2F75C7EF2909099500707553 /* LaunchScreen.storyboard */ = {
			isa = PBXVariantGroup;
			children = (
				2F75C7F02909099500707553 /* Base */,
			);
			name = LaunchScreen.storyboard;
			sourceTree = "<group>";
		};
/* End PBXVariantGroup section */

/* Begin XCBuildConfiguration section */
		2F75C7F32909099500707553 /* Debug */ = {
			isa = XCBuildConfiguration;
			buildSettings = {
				ALWAYS_SEARCH_USER_PATHS = NO;
				CLANG_ANALYZER_NONNULL = YES;
				CLANG_ANALYZER_NUMBER_OBJECT_CONVERSION = YES_AGGRESSIVE;
				CLANG_CXX_LANGUAGE_STANDARD = "gnu++20";
				CLANG_ENABLE_MODULES = YES;
				CLANG_ENABLE_OBJC_ARC = YES;
				CLANG_ENABLE_OBJC_WEAK = YES;
				CLANG_WARN_BLOCK_CAPTURE_AUTORELEASING = YES;
				CLANG_WARN_BOOL_CONVERSION = YES;
				CLANG_WARN_COMMA = YES;
				CLANG_WARN_CONSTANT_CONVERSION = YES;
				CLANG_WARN_DEPRECATED_OBJC_IMPLEMENTATIONS = YES;
				CLANG_WARN_DIRECT_OBJC_ISA_USAGE = YES_ERROR;
				CLANG_WARN_DOCUMENTATION_COMMENTS = YES;
				CLANG_WARN_EMPTY_BODY = YES;
				CLANG_WARN_ENUM_CONVERSION = YES;
				CLANG_WARN_INFINITE_RECURSION = YES;
				CLANG_WARN_INT_CONVERSION = YES;
				CLANG_WARN_NON_LITERAL_NULL_CONVERSION = YES;
				CLANG_WARN_OBJC_IMPLICIT_RETAIN_SELF = YES;
				CLANG_WARN_OBJC_LITERAL_CONVERSION = YES;
				CLANG_WARN_OBJC_ROOT_CLASS = YES_ERROR;
				CLANG_WARN_QUOTED_INCLUDE_IN_FRAMEWORK_HEADER = YES;
				CLANG_WARN_RANGE_LOOP_ANALYSIS = YES;
				CLANG_WARN_STRICT_PROTOTYPES = YES;
				CLANG_WARN_SUSPICIOUS_MOVE = YES;
				CLANG_WARN_UNGUARDED_AVAILABILITY = YES_AGGRESSIVE;
				CLANG_WARN_UNREACHABLE_CODE = YES;
				CLANG_WARN__DUPLICATE_METHOD_MATCH = YES;
				COPY_PHASE_STRIP = NO;
				DEBUG_INFORMATION_FORMAT = dwarf;
				ENABLE_STRICT_OBJC_MSGSEND = YES;
				ENABLE_TESTABILITY = YES;
				GCC_C_LANGUAGE_STANDARD = gnu11;
				GCC_DYNAMIC_NO_PIC = NO;
				GCC_NO_COMMON_BLOCKS = YES;
				GCC_OPTIMIZATION_LEVEL = 0;
				GCC_PREPROCESSOR_DEFINITIONS = (
					"DEBUG=1",
					"$(inherited)",
				);
				GCC_WARN_64_TO_32_BIT_CONVERSION = YES;
				GCC_WARN_ABOUT_RETURN_TYPE = YES_ERROR;
				GCC_WARN_UNDECLARED_SELECTOR = YES;
				GCC_WARN_UNINITIALIZED_AUTOS = YES_AGGRESSIVE;
				GCC_WARN_UNUSED_FUNCTION = YES;
				GCC_WARN_UNUSED_VARIABLE = YES;
				IPHONEOS_DEPLOYMENT_TARGET = 16.0;
				MTL_ENABLE_DEBUG_INFO = INCLUDE_SOURCE;
				MTL_FAST_MATH = YES;
				ONLY_ACTIVE_ARCH = YES;
				SDKROOT = iphoneos;
				SWIFT_ACTIVE_COMPILATION_CONDITIONS = DEBUG;
				SWIFT_OPTIMIZATION_LEVEL = "-Onone";
			};
			name = Debug;
		};
		2F75C7F42909099500707553 /* Release */ = {
			isa = XCBuildConfiguration;
			buildSettings = {
				ALWAYS_SEARCH_USER_PATHS = NO;
				CLANG_ANALYZER_NONNULL = YES;
				CLANG_ANALYZER_NUMBER_OBJECT_CONVERSION = YES_AGGRESSIVE;
				CLANG_CXX_LANGUAGE_STANDARD = "gnu++20";
				CLANG_ENABLE_MODULES = YES;
				CLANG_ENABLE_OBJC_ARC = YES;
				CLANG_ENABLE_OBJC_WEAK = YES;
				CLANG_WARN_BLOCK_CAPTURE_AUTORELEASING = YES;
				CLANG_WARN_BOOL_CONVERSION = YES;
				CLANG_WARN_COMMA = YES;
				CLANG_WARN_CONSTANT_CONVERSION = YES;
				CLANG_WARN_DEPRECATED_OBJC_IMPLEMENTATIONS = YES;
				CLANG_WARN_DIRECT_OBJC_ISA_USAGE = YES_ERROR;
				CLANG_WARN_DOCUMENTATION_COMMENTS = YES;
				CLANG_WARN_EMPTY_BODY = YES;
				CLANG_WARN_ENUM_CONVERSION = YES;
				CLANG_WARN_INFINITE_RECURSION = YES;
				CLANG_WARN_INT_CONVERSION = YES;
				CLANG_WARN_NON_LITERAL_NULL_CONVERSION = YES;
				CLANG_WARN_OBJC_IMPLICIT_RETAIN_SELF = YES;
				CLANG_WARN_OBJC_LITERAL_CONVERSION = YES;
				CLANG_WARN_OBJC_ROOT_CLASS = YES_ERROR;
				CLANG_WARN_QUOTED_INCLUDE_IN_FRAMEWORK_HEADER = YES;
				CLANG_WARN_RANGE_LOOP_ANALYSIS = YES;
				CLANG_WARN_STRICT_PROTOTYPES = YES;
				CLANG_WARN_SUSPICIOUS_MOVE = YES;
				CLANG_WARN_UNGUARDED_AVAILABILITY = YES_AGGRESSIVE;
				CLANG_WARN_UNREACHABLE_CODE = YES;
				CLANG_WARN__DUPLICATE_METHOD_MATCH = YES;
				COPY_PHASE_STRIP = NO;
				DEBUG_INFORMATION_FORMAT = "dwarf-with-dsym";
				ENABLE_NS_ASSERTIONS = NO;
				ENABLE_STRICT_OBJC_MSGSEND = YES;
				GCC_C_LANGUAGE_STANDARD = gnu11;
				GCC_NO_COMMON_BLOCKS = YES;
				GCC_WARN_64_TO_32_BIT_CONVERSION = YES;
				GCC_WARN_ABOUT_RETURN_TYPE = YES_ERROR;
				GCC_WARN_UNDECLARED_SELECTOR = YES;
				GCC_WARN_UNINITIALIZED_AUTOS = YES_AGGRESSIVE;
				GCC_WARN_UNUSED_FUNCTION = YES;
				GCC_WARN_UNUSED_VARIABLE = YES;
				IPHONEOS_DEPLOYMENT_TARGET = 16.0;
				MTL_ENABLE_DEBUG_INFO = NO;
				MTL_FAST_MATH = YES;
				SDKROOT = iphoneos;
				SWIFT_COMPILATION_MODE = wholemodule;
				SWIFT_OPTIMIZATION_LEVEL = "-O";
				VALIDATE_PRODUCT = YES;
			};
			name = Release;
		};
		2F75C7F62909099500707553 /* Debug */ = {
			isa = XCBuildConfiguration;
			buildSettings = {
				ASSETCATALOG_COMPILER_APPICON_NAME = AppIcon;
				ASSETCATALOG_COMPILER_GLOBAL_ACCENT_COLOR_NAME = AccentColor;
				CODE_SIGN_STYLE = Automatic;
				CURRENT_PROJECT_VERSION = 1;
				DEVELOPMENT_TEAM = KU4CQ7X9X4;
				GENERATE_INFOPLIST_FILE = YES;
				INFOPLIST_FILE = IntroductUIKit/Info.plist;
				INFOPLIST_KEY_UIApplicationSupportsIndirectInputEvents = YES;
				INFOPLIST_KEY_UILaunchStoryboardName = LaunchScreen;
				INFOPLIST_KEY_UISupportedInterfaceOrientations_iPad = "UIInterfaceOrientationPortrait UIInterfaceOrientationPortraitUpsideDown UIInterfaceOrientationLandscapeLeft UIInterfaceOrientationLandscapeRight";
				INFOPLIST_KEY_UISupportedInterfaceOrientations_iPhone = "UIInterfaceOrientationPortrait UIInterfaceOrientationLandscapeLeft UIInterfaceOrientationLandscapeRight";
				LD_RUNPATH_SEARCH_PATHS = (
					"$(inherited)",
					"@executable_path/Frameworks",
				);
				MARKETING_VERSION = 1.0;
				PRODUCT_BUNDLE_IDENTIFIER = com.toantran.IntroductUIKit;
				PRODUCT_NAME = "$(TARGET_NAME)";
				SWIFT_EMIT_LOC_STRINGS = YES;
				SWIFT_VERSION = 5.0;
				TARGETED_DEVICE_FAMILY = "1,2";
			};
			name = Debug;
		};
		2F75C7F72909099500707553 /* Release */ = {
			isa = XCBuildConfiguration;
			buildSettings = {
				ASSETCATALOG_COMPILER_APPICON_NAME = AppIcon;
				ASSETCATALOG_COMPILER_GLOBAL_ACCENT_COLOR_NAME = AccentColor;
				CODE_SIGN_STYLE = Automatic;
				CURRENT_PROJECT_VERSION = 1;
				DEVELOPMENT_TEAM = KU4CQ7X9X4;
				GENERATE_INFOPLIST_FILE = YES;
				INFOPLIST_FILE = IntroductUIKit/Info.plist;
				INFOPLIST_KEY_UIApplicationSupportsIndirectInputEvents = YES;
				INFOPLIST_KEY_UILaunchStoryboardName = LaunchScreen;
				INFOPLIST_KEY_UISupportedInterfaceOrientations_iPad = "UIInterfaceOrientationPortrait UIInterfaceOrientationPortraitUpsideDown UIInterfaceOrientationLandscapeLeft UIInterfaceOrientationLandscapeRight";
				INFOPLIST_KEY_UISupportedInterfaceOrientations_iPhone = "UIInterfaceOrientationPortrait UIInterfaceOrientationLandscapeLeft UIInterfaceOrientationLandscapeRight";
				LD_RUNPATH_SEARCH_PATHS = (
					"$(inherited)",
					"@executable_path/Frameworks",
				);
				MARKETING_VERSION = 1.0;
				PRODUCT_BUNDLE_IDENTIFIER = com.toantran.IntroductUIKit;
				PRODUCT_NAME = "$(TARGET_NAME)";
				SWIFT_EMIT_LOC_STRINGS = YES;
				SWIFT_VERSION = 5.0;
				TARGETED_DEVICE_FAMILY = "1,2";
			};
			name = Release;
		};
/* End XCBuildConfiguration section */

/* Begin XCConfigurationList section */
		2F75C7DC2909099200707553 /* Build configuration list for PBXProject "IntroductUIKit" */ = {
			isa = XCConfigurationList;
			buildConfigurations = (
				2F75C7F32909099500707553 /* Debug */,
				2F75C7F42909099500707553 /* Release */,
			);
			defaultConfigurationIsVisible = 0;
			defaultConfigurationName = Release;
		};
		2F75C7F52909099500707553 /* Build configuration list for PBXNativeTarget "IntroductUIKit" */ = {
			isa = XCConfigurationList;
			buildConfigurations = (
				2F75C7F62909099500707553 /* Debug */,
				2F75C7F72909099500707553 /* Release */,
			);
			defaultConfigurationIsVisible = 0;
			defaultConfigurationName = Release;
		};
/* End XCConfigurationList section */
	};
	rootObject = 2F75C7D92909099200707553 /* Project object */;
}
