// !$*UTF8*$!
{
	archiveVersion = 1;
	classes = {
	};
	objectVersion = 56;
	objects = {

/* Begin PBXBuildFile section */
		2F475B442924FD9700BE246F /* ScrollCollectionViewCell.swift in Sources */ = {isa = PBXBuildFile; fileRef = 2F475B422924FD9700BE246F /* ScrollCollectionViewCell.swift */; };
		2F475B452924FD9700BE246F /* ScrollCollectionViewCell.xib in Resources */ = {isa = PBXBuildFile; fileRef = 2F475B432924FD9700BE246F /* ScrollCollectionViewCell.xib */; };
		2F475B472924FF3800BE246F /* ScrolingData.swift in Sources */ = {isa = PBXBuildFile; fileRef = 2F475B462924FF3800BE246F /* ScrolingData.swift */; };
		2F475B4A29250A7B00BE246F /* ScrollCell.swift in Sources */ = {isa = PBXBuildFile; fileRef = 2F475B4829250A7B00BE246F /* ScrollCell.swift */; };
		2F475B4B29250A7B00BE246F /* ScrollCell.xib in Resources */ = {isa = PBXBuildFile; fileRef = 2F475B4929250A7B00BE246F /* ScrollCell.xib */; };
		2F475B4E2925101E00BE246F /* ScrollFooter.swift in Sources */ = {isa = PBXBuildFile; fileRef = 2F475B4D2925101E00BE246F /* ScrollFooter.swift */; };
		2F475B5229252AC400BE246F /* ContentCollectionViewCell.swift in Sources */ = {isa = PBXBuildFile; fileRef = 2F475B5029252AC400BE246F /* ContentCollectionViewCell.swift */; };
		2F475B5329252AC400BE246F /* ContentCollectionViewCell.xib in Resources */ = {isa = PBXBuildFile; fileRef = 2F475B5129252AC400BE246F /* ContentCollectionViewCell.xib */; };
		2F475B5629252C5100BE246F /* ContentCell.swift in Sources */ = {isa = PBXBuildFile; fileRef = 2F475B5429252C5100BE246F /* ContentCell.swift */; };
		2F475B5729252C5100BE246F /* ContentCell.xib in Resources */ = {isa = PBXBuildFile; fileRef = 2F475B5529252C5100BE246F /* ContentCell.xib */; };
		2F475B592925386B00BE246F /* HeaderContent.swift in Sources */ = {isa = PBXBuildFile; fileRef = 2F475B582925386B00BE246F /* HeaderContent.swift */; };
		2F531B8E2925EA0600E04BFB /* FooterConentView.swift in Sources */ = {isa = PBXBuildFile; fileRef = 2F531B8C2925EA0600E04BFB /* FooterConentView.swift */; };
		2F531B8F2925EA0600E04BFB /* FooterConentView.xib in Resources */ = {isa = PBXBuildFile; fileRef = 2F531B8D2925EA0600E04BFB /* FooterConentView.xib */; };
		2F785E9D292C81CC00DA3776 /* Dialog.xib in Resources */ = {isa = PBXBuildFile; fileRef = 2F785E9C292C81CC00DA3776 /* Dialog.xib */; };
		2F785E9F292C81F000DA3776 /* Dialog.swift in Sources */ = {isa = PBXBuildFile; fileRef = 2F785E9E292C81F000DA3776 /* Dialog.swift */; };
		2F7925BA29272501004AB281 /* ContentFooter.xib in Resources */ = {isa = PBXBuildFile; fileRef = 2F7925B929272501004AB281 /* ContentFooter.xib */; };
		2F7925BD292725CE004AB281 /* ContentFooter.swift in Sources */ = {isa = PBXBuildFile; fileRef = 2F7925BC292725CE004AB281 /* ContentFooter.swift */; };
		2F92945A292B747F00E79106 /* ContentHeader.xib in Resources */ = {isa = PBXBuildFile; fileRef = 2F929459292B747F00E79106 /* ContentHeader.xib */; };
		2F92945C292B74F000E79106 /* ContentHeader.swift in Sources */ = {isa = PBXBuildFile; fileRef = 2F92945B292B74F000E79106 /* ContentHeader.swift */; };
		2F92945F292B779400E79106 /* PlainViewController.swift in Sources */ = {isa = PBXBuildFile; fileRef = 2F92945D292B779400E79106 /* PlainViewController.swift */; };
		2F929460292B779400E79106 /* PlainViewController.xib in Resources */ = {isa = PBXBuildFile; fileRef = 2F92945E292B779400E79106 /* PlainViewController.xib */; };
		2F929464292C7F1000E79106 /* ALRadioButtons in Frameworks */ = {isa = PBXBuildFile; productRef = 2F929463292C7F1000E79106 /* ALRadioButtons */; };
		2F9C83BC291E36C400BF5602 /* AppDelegate.swift in Sources */ = {isa = PBXBuildFile; fileRef = 2F9C83BB291E36C400BF5602 /* AppDelegate.swift */; };
		2F9C83BE291E36C400BF5602 /* SceneDelegate.swift in Sources */ = {isa = PBXBuildFile; fileRef = 2F9C83BD291E36C400BF5602 /* SceneDelegate.swift */; };
		2F9C83C5291E36C800BF5602 /* Assets.xcassets in Resources */ = {isa = PBXBuildFile; fileRef = 2F9C83C4291E36C800BF5602 /* Assets.xcassets */; };
		2F9C83C8291E36C800BF5602 /* LaunchScreen.storyboard in Resources */ = {isa = PBXBuildFile; fileRef = 2F9C83C6291E36C800BF5602 /* LaunchScreen.storyboard */; };
		2F9C83D1291E371C00BF5602 /* HomeViewController.swift in Sources */ = {isa = PBXBuildFile; fileRef = 2F9C83CF291E371C00BF5602 /* HomeViewController.swift */; };
		2F9C83D2291E371C00BF5602 /* HomeViewController.xib in Resources */ = {isa = PBXBuildFile; fileRef = 2F9C83D0291E371C00BF5602 /* HomeViewController.xib */; };
		2F9C83D5291E404F00BF5602 /* CinemaViewController.swift in Sources */ = {isa = PBXBuildFile; fileRef = 2F9C83D3291E404F00BF5602 /* CinemaViewController.swift */; };
		2F9C83D6291E404F00BF5602 /* CinemaViewController.xib in Resources */ = {isa = PBXBuildFile; fileRef = 2F9C83D4291E404F00BF5602 /* CinemaViewController.xib */; };
		2F9C83D9291E407700BF5602 /* MovieBlogViewController.swift in Sources */ = {isa = PBXBuildFile; fileRef = 2F9C83D7291E407700BF5602 /* MovieBlogViewController.swift */; };
		2F9C83DA291E407700BF5602 /* MovieBlogViewController.xib in Resources */ = {isa = PBXBuildFile; fileRef = 2F9C83D8291E407700BF5602 /* MovieBlogViewController.xib */; };
		2F9C83DD291E409100BF5602 /* AccountViewController.swift in Sources */ = {isa = PBXBuildFile; fileRef = 2F9C83DB291E409100BF5602 /* AccountViewController.swift */; };
		2F9C83DE291E409100BF5602 /* AccountViewController.xib in Resources */ = {isa = PBXBuildFile; fileRef = 2F9C83DC291E409100BF5602 /* AccountViewController.xib */; };
		2FEDBCA0292B4CE5003D5D9A /* FooterScrollCell.swift in Sources */ = {isa = PBXBuildFile; fileRef = 2FEDBC9E292B4CE5003D5D9A /* FooterScrollCell.swift */; };
		2FEDBCA1292B4CE5003D5D9A /* FooterScrollCell.xib in Resources */ = {isa = PBXBuildFile; fileRef = 2FEDBC9F292B4CE5003D5D9A /* FooterScrollCell.xib */; };
		2FEDBCA6292B4EED003D5D9A /* FooterCell.swift in Sources */ = {isa = PBXBuildFile; fileRef = 2FEDBCA4292B4EED003D5D9A /* FooterCell.swift */; };
		2FEDBCA7292B4EED003D5D9A /* FooterCell.xib in Resources */ = {isa = PBXBuildFile; fileRef = 2FEDBCA5292B4EED003D5D9A /* FooterCell.xib */; };
/* End PBXBuildFile section */

/* Begin PBXFileReference section */
		2F475B422924FD9700BE246F /* ScrollCollectionViewCell.swift */ = {isa = PBXFileReference; lastKnownFileType = sourcecode.swift; path = ScrollCollectionViewCell.swift; sourceTree = "<group>"; };
		2F475B432924FD9700BE246F /* ScrollCollectionViewCell.xib */ = {isa = PBXFileReference; lastKnownFileType = file.xib; path = ScrollCollectionViewCell.xib; sourceTree = "<group>"; };
		2F475B462924FF3800BE246F /* ScrolingData.swift */ = {isa = PBXFileReference; lastKnownFileType = sourcecode.swift; path = ScrolingData.swift; sourceTree = "<group>"; };
		2F475B4829250A7B00BE246F /* ScrollCell.swift */ = {isa = PBXFileReference; lastKnownFileType = sourcecode.swift; path = ScrollCell.swift; sourceTree = "<group>"; };
		2F475B4929250A7B00BE246F /* ScrollCell.xib */ = {isa = PBXFileReference; lastKnownFileType = file.xib; path = ScrollCell.xib; sourceTree = "<group>"; };
		2F475B4D2925101E00BE246F /* ScrollFooter.swift */ = {isa = PBXFileReference; lastKnownFileType = sourcecode.swift; path = ScrollFooter.swift; sourceTree = "<group>"; };
		2F475B5029252AC400BE246F /* ContentCollectionViewCell.swift */ = {isa = PBXFileReference; lastKnownFileType = sourcecode.swift; path = ContentCollectionViewCell.swift; sourceTree = "<group>"; };
		2F475B5129252AC400BE246F /* ContentCollectionViewCell.xib */ = {isa = PBXFileReference; lastKnownFileType = file.xib; path = ContentCollectionViewCell.xib; sourceTree = "<group>"; };
		2F475B5429252C5100BE246F /* ContentCell.swift */ = {isa = PBXFileReference; lastKnownFileType = sourcecode.swift; path = ContentCell.swift; sourceTree = "<group>"; };
		2F475B5529252C5100BE246F /* ContentCell.xib */ = {isa = PBXFileReference; lastKnownFileType = file.xib; path = ContentCell.xib; sourceTree = "<group>"; };
		2F475B582925386B00BE246F /* HeaderContent.swift */ = {isa = PBXFileReference; lastKnownFileType = sourcecode.swift; path = HeaderContent.swift; sourceTree = "<group>"; };
		2F531B8C2925EA0600E04BFB /* FooterConentView.swift */ = {isa = PBXFileReference; lastKnownFileType = sourcecode.swift; path = FooterConentView.swift; sourceTree = "<group>"; };
		2F531B8D2925EA0600E04BFB /* FooterConentView.xib */ = {isa = PBXFileReference; lastKnownFileType = file.xib; path = FooterConentView.xib; sourceTree = "<group>"; };
		2F785E9C292C81CC00DA3776 /* Dialog.xib */ = {isa = PBXFileReference; lastKnownFileType = file.xib; path = Dialog.xib; sourceTree = "<group>"; };
		2F785E9E292C81F000DA3776 /* Dialog.swift */ = {isa = PBXFileReference; lastKnownFileType = sourcecode.swift; path = Dialog.swift; sourceTree = "<group>"; };
		2F7925B929272501004AB281 /* ContentFooter.xib */ = {isa = PBXFileReference; lastKnownFileType = file.xib; path = ContentFooter.xib; sourceTree = "<group>"; };
		2F7925BC292725CE004AB281 /* ContentFooter.swift */ = {isa = PBXFileReference; lastKnownFileType = sourcecode.swift; path = ContentFooter.swift; sourceTree = "<group>"; };
		2F929459292B747F00E79106 /* ContentHeader.xib */ = {isa = PBXFileReference; lastKnownFileType = file.xib; path = ContentHeader.xib; sourceTree = "<group>"; };
		2F92945B292B74F000E79106 /* ContentHeader.swift */ = {isa = PBXFileReference; lastKnownFileType = sourcecode.swift; path = ContentHeader.swift; sourceTree = "<group>"; };
		2F92945D292B779400E79106 /* PlainViewController.swift */ = {isa = PBXFileReference; lastKnownFileType = sourcecode.swift; path = PlainViewController.swift; sourceTree = "<group>"; };
		2F92945E292B779400E79106 /* PlainViewController.xib */ = {isa = PBXFileReference; lastKnownFileType = file.xib; path = PlainViewController.xib; sourceTree = "<group>"; };
		2F9C83B8291E36C400BF5602 /* CloneGalaxyCinema.app */ = {isa = PBXFileReference; explicitFileType = wrapper.application; includeInIndex = 0; path = CloneGalaxyCinema.app; sourceTree = BUILT_PRODUCTS_DIR; };
		2F9C83BB291E36C400BF5602 /* AppDelegate.swift */ = {isa = PBXFileReference; lastKnownFileType = sourcecode.swift; path = AppDelegate.swift; sourceTree = "<group>"; };
		2F9C83BD291E36C400BF5602 /* SceneDelegate.swift */ = {isa = PBXFileReference; lastKnownFileType = sourcecode.swift; path = SceneDelegate.swift; sourceTree = "<group>"; };
		2F9C83C4291E36C800BF5602 /* Assets.xcassets */ = {isa = PBXFileReference; lastKnownFileType = folder.assetcatalog; path = Assets.xcassets; sourceTree = "<group>"; };
		2F9C83C7291E36C800BF5602 /* Base */ = {isa = PBXFileReference; lastKnownFileType = file.storyboard; name = Base; path = Base.lproj/LaunchScreen.storyboard; sourceTree = "<group>"; };
		2F9C83C9291E36C800BF5602 /* Info.plist */ = {isa = PBXFileReference; lastKnownFileType = text.plist.xml; path = Info.plist; sourceTree = "<group>"; };
		2F9C83CF291E371C00BF5602 /* HomeViewController.swift */ = {isa = PBXFileReference; lastKnownFileType = sourcecode.swift; path = HomeViewController.swift; sourceTree = "<group>"; };
		2F9C83D0291E371C00BF5602 /* HomeViewController.xib */ = {isa = PBXFileReference; lastKnownFileType = file.xib; path = HomeViewController.xib; sourceTree = "<group>"; };
		2F9C83D3291E404F00BF5602 /* CinemaViewController.swift */ = {isa = PBXFileReference; lastKnownFileType = sourcecode.swift; path = CinemaViewController.swift; sourceTree = "<group>"; };
		2F9C83D4291E404F00BF5602 /* CinemaViewController.xib */ = {isa = PBXFileReference; lastKnownFileType = file.xib; path = CinemaViewController.xib; sourceTree = "<group>"; };
		2F9C83D7291E407700BF5602 /* MovieBlogViewController.swift */ = {isa = PBXFileReference; lastKnownFileType = sourcecode.swift; path = MovieBlogViewController.swift; sourceTree = "<group>"; };
		2F9C83D8291E407700BF5602 /* MovieBlogViewController.xib */ = {isa = PBXFileReference; lastKnownFileType = file.xib; path = MovieBlogViewController.xib; sourceTree = "<group>"; };
		2F9C83DB291E409100BF5602 /* AccountViewController.swift */ = {isa = PBXFileReference; lastKnownFileType = sourcecode.swift; path = AccountViewController.swift; sourceTree = "<group>"; };
		2F9C83DC291E409100BF5602 /* AccountViewController.xib */ = {isa = PBXFileReference; lastKnownFileType = file.xib; path = AccountViewController.xib; sourceTree = "<group>"; };
		2FEDBC9E292B4CE5003D5D9A /* FooterScrollCell.swift */ = {isa = PBXFileReference; lastKnownFileType = sourcecode.swift; path = FooterScrollCell.swift; sourceTree = "<group>"; };
		2FEDBC9F292B4CE5003D5D9A /* FooterScrollCell.xib */ = {isa = PBXFileReference; lastKnownFileType = file.xib; path = FooterScrollCell.xib; sourceTree = "<group>"; };
		2FEDBCA4292B4EED003D5D9A /* FooterCell.swift */ = {isa = PBXFileReference; lastKnownFileType = sourcecode.swift; path = FooterCell.swift; sourceTree = "<group>"; };
		2FEDBCA5292B4EED003D5D9A /* FooterCell.xib */ = {isa = PBXFileReference; lastKnownFileType = file.xib; path = FooterCell.xib; sourceTree = "<group>"; };
/* End PBXFileReference section */

/* Begin PBXFrameworksBuildPhase section */
		2F9C83B5291E36C400BF5602 /* Frameworks */ = {
			isa = PBXFrameworksBuildPhase;
			buildActionMask = 2147483647;
			files = (
				2F929464292C7F1000E79106 /* ALRadioButtons in Frameworks */,
			);
			runOnlyForDeploymentPostprocessing = 0;
		};
/* End PBXFrameworksBuildPhase section */

/* Begin PBXGroup section */
		2F0E39362927314300E05F52 /* ContentCell */ = {
			isa = PBXGroup;
			children = (
				2F475B5029252AC400BE246F /* ContentCollectionViewCell.swift */,
				2F475B5129252AC400BE246F /* ContentCollectionViewCell.xib */,
				2F475B5429252C5100BE246F /* ContentCell.swift */,
				2F475B5529252C5100BE246F /* ContentCell.xib */,
			);
			path = ContentCell;
			sourceTree = "<group>";
		};
		2F21180729275E4000AF6652 /* Home */ = {
			isa = PBXGroup;
			children = (
				2F9C83CF291E371C00BF5602 /* HomeViewController.swift */,
				2F9C83D0291E371C00BF5602 /* HomeViewController.xib */,
			);
			path = Home;
			sourceTree = "<group>";
		};
		2F21180829275E4900AF6652 /* Cinema */ = {
			isa = PBXGroup;
			children = (
				2F9C83D3291E404F00BF5602 /* CinemaViewController.swift */,
				2F9C83D4291E404F00BF5602 /* CinemaViewController.xib */,
			);
			path = Cinema;
			sourceTree = "<group>";
		};
		2F21180929275E5900AF6652 /* MovieBlog */ = {
			isa = PBXGroup;
			children = (
				2F9C83D7291E407700BF5602 /* MovieBlogViewController.swift */,
				2F9C83D8291E407700BF5602 /* MovieBlogViewController.xib */,
			);
			path = MovieBlog;
			sourceTree = "<group>";
		};
		2F21180A29275E6600AF6652 /* Account */ = {
			isa = PBXGroup;
			children = (
				2F9C83DB291E409100BF5602 /* AccountViewController.swift */,
				2F9C83DC291E409100BF5602 /* AccountViewController.xib */,
			);
			path = Account;
			sourceTree = "<group>";
		};
		2F475B4C29250FF100BE246F /* Footer */ = {
			isa = PBXGroup;
			children = (
				2F475B4D2925101E00BE246F /* ScrollFooter.swift */,
				2F475B582925386B00BE246F /* HeaderContent.swift */,
				2F531B8C2925EA0600E04BFB /* FooterConentView.swift */,
				2F531B8D2925EA0600E04BFB /* FooterConentView.xib */,
			);
			path = Footer;
			sourceTree = "<group>";
		};
		2F475B4F2925298D00BE246F /* ScrollCell */ = {
			isa = PBXGroup;
			children = (
				2F475B422924FD9700BE246F /* ScrollCollectionViewCell.swift */,
				2F475B432924FD9700BE246F /* ScrollCollectionViewCell.xib */,
				2F475B4829250A7B00BE246F /* ScrollCell.swift */,
				2F475B4929250A7B00BE246F /* ScrollCell.xib */,
			);
			path = ScrollCell;
			sourceTree = "<group>";
		};
		2F9C83AF291E36C400BF5602 = {
			isa = PBXGroup;
			children = (
				2F9C83BA291E36C400BF5602 /* CloneGalaxyCinema */,
				2F9C83B9291E36C400BF5602 /* Products */,
			);
			sourceTree = "<group>";
		};
		2F9C83B9291E36C400BF5602 /* Products */ = {
			isa = PBXGroup;
			children = (
				2F9C83B8291E36C400BF5602 /* CloneGalaxyCinema.app */,
			);
			name = Products;
			sourceTree = "<group>";
		};
		2F9C83BA291E36C400BF5602 /* CloneGalaxyCinema */ = {
			isa = PBXGroup;
			children = (
				2FC90B632924B07C00875AC9 /* Delegate */,
				2F475B4C29250FF100BE246F /* Footer */,
				2FD1FC492923696C00FD0CB6 /* Cell */,
				2F9C83C4291E36C800BF5602 /* Assets.xcassets */,
				2F9C83C6291E36C800BF5602 /* LaunchScreen.storyboard */,
				2F9C83C9291E36C800BF5602 /* Info.plist */,
				2FC90B602924B03B00875AC9 /* Pages */,
				2FC90B612924B06000875AC9 /* Custom */,
				2F475B462924FF3800BE246F /* ScrolingData.swift */,
			);
			path = CloneGalaxyCinema;
			sourceTree = "<group>";
		};
		2FC90B602924B03B00875AC9 /* Pages */ = {
			isa = PBXGroup;
			children = (
				2F21180729275E4000AF6652 /* Home */,
				2F21180829275E4900AF6652 /* Cinema */,
				2F21180929275E5900AF6652 /* MovieBlog */,
				2F21180A29275E6600AF6652 /* Account */,
				2F92945D292B779400E79106 /* PlainViewController.swift */,
				2F92945E292B779400E79106 /* PlainViewController.xib */,
			);
			path = Pages;
			sourceTree = "<group>";
		};
		2FC90B612924B06000875AC9 /* Custom */ = {
			isa = PBXGroup;
			children = (
				2F7925B929272501004AB281 /* ContentFooter.xib */,
				2F7925BC292725CE004AB281 /* ContentFooter.swift */,
				2F929459292B747F00E79106 /* ContentHeader.xib */,
				2F92945B292B74F000E79106 /* ContentHeader.swift */,
				2F785E9C292C81CC00DA3776 /* Dialog.xib */,
				2F785E9E292C81F000DA3776 /* Dialog.swift */,
			);
			path = Custom;
			sourceTree = "<group>";
		};
		2FC90B632924B07C00875AC9 /* Delegate */ = {
			isa = PBXGroup;
			children = (
				2F9C83BB291E36C400BF5602 /* AppDelegate.swift */,
				2F9C83BD291E36C400BF5602 /* SceneDelegate.swift */,
			);
			path = Delegate;
			sourceTree = "<group>";
		};
		2FD1FC492923696C00FD0CB6 /* Cell */ = {
			isa = PBXGroup;
			children = (
				2FEDBC9D292B4C98003D5D9A /* FooterScrollCell */,
				2F475B4F2925298D00BE246F /* ScrollCell */,
				2F0E39362927314300E05F52 /* ContentCell */,
			);
			path = Cell;
			sourceTree = "<group>";
		};
		2FEDBC9D292B4C98003D5D9A /* FooterScrollCell */ = {
			isa = PBXGroup;
			children = (
				2FEDBC9E292B4CE5003D5D9A /* FooterScrollCell.swift */,
				2FEDBC9F292B4CE5003D5D9A /* FooterScrollCell.xib */,
				2FEDBCA4292B4EED003D5D9A /* FooterCell.swift */,
				2FEDBCA5292B4EED003D5D9A /* FooterCell.xib */,
			);
			path = FooterScrollCell;
			sourceTree = "<group>";
		};
/* End PBXGroup section */

/* Begin PBXNativeTarget section */
		2F9C83B7291E36C400BF5602 /* CloneGalaxyCinema */ = {
			isa = PBXNativeTarget;
			buildConfigurationList = 2F9C83CC291E36C800BF5602 /* Build configuration list for PBXNativeTarget "CloneGalaxyCinema" */;
			buildPhases = (
				2F9C83B4291E36C400BF5602 /* Sources */,
				2F9C83B5291E36C400BF5602 /* Frameworks */,
				2F9C83B6291E36C400BF5602 /* Resources */,
				2F0E39372927444900E05F52 /* ShellScript */,
			);
			buildRules = (
			);
			dependencies = (
			);
			name = CloneGalaxyCinema;
			packageProductDependencies = (
				2F929463292C7F1000E79106 /* ALRadioButtons */,
			);
			productName = CloneGalaxyCinema;
			productReference = 2F9C83B8291E36C400BF5602 /* CloneGalaxyCinema.app */;
			productType = "com.apple.product-type.application";
		};
/* End PBXNativeTarget section */

/* Begin PBXProject section */
		2F9C83B0291E36C400BF5602 /* Project object */ = {
			isa = PBXProject;
			attributes = {
				BuildIndependentTargetsInParallel = 1;
				LastSwiftUpdateCheck = 1410;
				LastUpgradeCheck = 1410;
				TargetAttributes = {
					2F9C83B7291E36C400BF5602 = {
						CreatedOnToolsVersion = 14.1;
					};
				};
			};
			buildConfigurationList = 2F9C83B3291E36C400BF5602 /* Build configuration list for PBXProject "CloneGalaxyCinema" */;
			compatibilityVersion = "Xcode 14.0";
			developmentRegion = en;
			hasScannedForEncodings = 0;
			knownRegions = (
				en,
				Base,
			);
			mainGroup = 2F9C83AF291E36C400BF5602;
			packageReferences = (
				2F929462292C7F1000E79106 /* XCRemoteSwiftPackageReference "ALRadioButtons" */,
			);
			productRefGroup = 2F9C83B9291E36C400BF5602 /* Products */;
			projectDirPath = "";
			projectRoot = "";
			targets = (
				2F9C83B7291E36C400BF5602 /* CloneGalaxyCinema */,
			);
		};
/* End PBXProject section */

/* Begin PBXResourcesBuildPhase section */
		2F9C83B6291E36C400BF5602 /* Resources */ = {
			isa = PBXResourcesBuildPhase;
			buildActionMask = 2147483647;
			files = (
				2F7925BA29272501004AB281 /* ContentFooter.xib in Resources */,
				2F785E9D292C81CC00DA3776 /* Dialog.xib in Resources */,
				2F475B452924FD9700BE246F /* ScrollCollectionViewCell.xib in Resources */,
				2F475B5729252C5100BE246F /* ContentCell.xib in Resources */,
				2F9C83C8291E36C800BF5602 /* LaunchScreen.storyboard in Resources */,
				2F9C83DA291E407700BF5602 /* MovieBlogViewController.xib in Resources */,
				2F9C83D6291E404F00BF5602 /* CinemaViewController.xib in Resources */,
				2F9C83C5291E36C800BF5602 /* Assets.xcassets in Resources */,
				2F9C83DE291E409100BF5602 /* AccountViewController.xib in Resources */,
				2F475B4B29250A7B00BE246F /* ScrollCell.xib in Resources */,
				2FEDBCA1292B4CE5003D5D9A /* FooterScrollCell.xib in Resources */,
				2FEDBCA7292B4EED003D5D9A /* FooterCell.xib in Resources */,
				2F929460292B779400E79106 /* PlainViewController.xib in Resources */,
				2F92945A292B747F00E79106 /* ContentHeader.xib in Resources */,
				2F475B5329252AC400BE246F /* ContentCollectionViewCell.xib in Resources */,
				2F531B8F2925EA0600E04BFB /* FooterConentView.xib in Resources */,
				2F9C83D2291E371C00BF5602 /* HomeViewController.xib in Resources */,
			);
			runOnlyForDeploymentPostprocessing = 0;
		};
/* End PBXResourcesBuildPhase section */

/* Begin PBXShellScriptBuildPhase section */
		2F0E39372927444900E05F52 /* ShellScript */ = {
			isa = PBXShellScriptBuildPhase;
			buildActionMask = 2147483647;
			files = (
			);
			inputFileListPaths = (
			);
			inputPaths = (
			);
			outputFileListPaths = (
			);
			outputPaths = (
			);
			runOnlyForDeploymentPostprocessing = 0;
			shellPath = /bin/sh;
			shellScript = "# Type a script or drag a script file from your workspace to insert its path.\nexport PATH=\"$PATH:/opt/homebrew/bin\"\nif which swiftlint > /dev/null; then\n  swiftlint\nelse\n  echo \"warning: SwiftLint not installed, download from https://github.com/realm/SwiftLint\"\nfi\n";
		};
/* End PBXShellScriptBuildPhase section */

/* Begin PBXSourcesBuildPhase section */
		2F9C83B4291E36C400BF5602 /* Sources */ = {
			isa = PBXSourcesBuildPhase;
			buildActionMask = 2147483647;
			files = (
				2F9C83BC291E36C400BF5602 /* AppDelegate.swift in Sources */,
				2F475B5629252C5100BE246F /* ContentCell.swift in Sources */,
				2F531B8E2925EA0600E04BFB /* FooterConentView.swift in Sources */,
				2F475B442924FD9700BE246F /* ScrollCollectionViewCell.swift in Sources */,
				2F92945F292B779400E79106 /* PlainViewController.swift in Sources */,
				2F92945C292B74F000E79106 /* ContentHeader.swift in Sources */,
				2F9C83D9291E407700BF5602 /* MovieBlogViewController.swift in Sources */,
				2F475B4A29250A7B00BE246F /* ScrollCell.swift in Sources */,
				2F475B5229252AC400BE246F /* ContentCollectionViewCell.swift in Sources */,
				2F9C83DD291E409100BF5602 /* AccountViewController.swift in Sources */,
				2F475B592925386B00BE246F /* HeaderContent.swift in Sources */,
				2F785E9F292C81F000DA3776 /* Dialog.swift in Sources */,
				2FEDBCA6292B4EED003D5D9A /* FooterCell.swift in Sources */,
				2F475B4E2925101E00BE246F /* ScrollFooter.swift in Sources */,
				2F475B472924FF3800BE246F /* ScrolingData.swift in Sources */,
				2F7925BD292725CE004AB281 /* ContentFooter.swift in Sources */,
				2F9C83D5291E404F00BF5602 /* CinemaViewController.swift in Sources */,
				2F9C83BE291E36C400BF5602 /* SceneDelegate.swift in Sources */,
				2F9C83D1291E371C00BF5602 /* HomeViewController.swift in Sources */,
				2FEDBCA0292B4CE5003D5D9A /* FooterScrollCell.swift in Sources */,
			);
			runOnlyForDeploymentPostprocessing = 0;
		};
/* End PBXSourcesBuildPhase section */

/* Begin PBXVariantGroup section */
		2F9C83C6291E36C800BF5602 /* LaunchScreen.storyboard */ = {
			isa = PBXVariantGroup;
			children = (
				2F9C83C7291E36C800BF5602 /* Base */,
			);
			name = LaunchScreen.storyboard;
			sourceTree = "<group>";
		};
/* End PBXVariantGroup section */

/* Begin XCBuildConfiguration section */
		2F9C83CA291E36C800BF5602 /* Debug */ = {
			isa = XCBuildConfiguration;
			buildSettings = {
				ALWAYS_SEARCH_USER_PATHS = NO;
				CLANG_ANALYZER_NONNULL = YES;
				CLANG_ANALYZER_NUMBER_OBJECT_CONVERSION = YES_AGGRESSIVE;
				CLANG_CXX_LANGUAGE_STANDARD = "gnu++20";
				CLANG_ENABLE_MODULES = YES;
				CLANG_ENABLE_OBJC_ARC = YES;
				CLANG_ENABLE_OBJC_WEAK = YES;
				CLANG_WARN_BLOCK_CAPTURE_AUTORELEASING = YES;
				CLANG_WARN_BOOL_CONVERSION = YES;
				CLANG_WARN_COMMA = YES;
				CLANG_WARN_CONSTANT_CONVERSION = YES;
				CLANG_WARN_DEPRECATED_OBJC_IMPLEMENTATIONS = YES;
				CLANG_WARN_DIRECT_OBJC_ISA_USAGE = YES_ERROR;
				CLANG_WARN_DOCUMENTATION_COMMENTS = YES;
				CLANG_WARN_EMPTY_BODY = YES;
				CLANG_WARN_ENUM_CONVERSION = YES;
				CLANG_WARN_INFINITE_RECURSION = YES;
				CLANG_WARN_INT_CONVERSION = YES;
				CLANG_WARN_NON_LITERAL_NULL_CONVERSION = YES;
				CLANG_WARN_OBJC_IMPLICIT_RETAIN_SELF = YES;
				CLANG_WARN_OBJC_LITERAL_CONVERSION = YES;
				CLANG_WARN_OBJC_ROOT_CLASS = YES_ERROR;
				CLANG_WARN_QUOTED_INCLUDE_IN_FRAMEWORK_HEADER = YES;
				CLANG_WARN_RANGE_LOOP_ANALYSIS = YES;
				CLANG_WARN_STRICT_PROTOTYPES = YES;
				CLANG_WARN_SUSPICIOUS_MOVE = YES;
				CLANG_WARN_UNGUARDED_AVAILABILITY = YES_AGGRESSIVE;
				CLANG_WARN_UNREACHABLE_CODE = YES;
				CLANG_WARN__DUPLICATE_METHOD_MATCH = YES;
				COPY_PHASE_STRIP = NO;
				DEBUG_INFORMATION_FORMAT = dwarf;
				ENABLE_STRICT_OBJC_MSGSEND = YES;
				ENABLE_TESTABILITY = YES;
				GCC_C_LANGUAGE_STANDARD = gnu11;
				GCC_DYNAMIC_NO_PIC = NO;
				GCC_NO_COMMON_BLOCKS = YES;
				GCC_OPTIMIZATION_LEVEL = 0;
				GCC_PREPROCESSOR_DEFINITIONS = (
					"DEBUG=1",
					"$(inherited)",
				);
				GCC_WARN_64_TO_32_BIT_CONVERSION = YES;
				GCC_WARN_ABOUT_RETURN_TYPE = YES_ERROR;
				GCC_WARN_UNDECLARED_SELECTOR = YES;
				GCC_WARN_UNINITIALIZED_AUTOS = YES_AGGRESSIVE;
				GCC_WARN_UNUSED_FUNCTION = YES;
				GCC_WARN_UNUSED_VARIABLE = YES;
				IPHONEOS_DEPLOYMENT_TARGET = 16.1;
				MTL_ENABLE_DEBUG_INFO = INCLUDE_SOURCE;
				MTL_FAST_MATH = YES;
				ONLY_ACTIVE_ARCH = YES;
				SDKROOT = iphoneos;
				SWIFT_ACTIVE_COMPILATION_CONDITIONS = DEBUG;
				SWIFT_OPTIMIZATION_LEVEL = "-Onone";
			};
			name = Debug;
		};
		2F9C83CB291E36C800BF5602 /* Release */ = {
			isa = XCBuildConfiguration;
			buildSettings = {
				ALWAYS_SEARCH_USER_PATHS = NO;
				CLANG_ANALYZER_NONNULL = YES;
				CLANG_ANALYZER_NUMBER_OBJECT_CONVERSION = YES_AGGRESSIVE;
				CLANG_CXX_LANGUAGE_STANDARD = "gnu++20";
				CLANG_ENABLE_MODULES = YES;
				CLANG_ENABLE_OBJC_ARC = YES;
				CLANG_ENABLE_OBJC_WEAK = YES;
				CLANG_WARN_BLOCK_CAPTURE_AUTORELEASING = YES;
				CLANG_WARN_BOOL_CONVERSION = YES;
				CLANG_WARN_COMMA = YES;
				CLANG_WARN_CONSTANT_CONVERSION = YES;
				CLANG_WARN_DEPRECATED_OBJC_IMPLEMENTATIONS = YES;
				CLANG_WARN_DIRECT_OBJC_ISA_USAGE = YES_ERROR;
				CLANG_WARN_DOCUMENTATION_COMMENTS = YES;
				CLANG_WARN_EMPTY_BODY = YES;
				CLANG_WARN_ENUM_CONVERSION = YES;
				CLANG_WARN_INFINITE_RECURSION = YES;
				CLANG_WARN_INT_CONVERSION = YES;
				CLANG_WARN_NON_LITERAL_NULL_CONVERSION = YES;
				CLANG_WARN_OBJC_IMPLICIT_RETAIN_SELF = YES;
				CLANG_WARN_OBJC_LITERAL_CONVERSION = YES;
				CLANG_WARN_OBJC_ROOT_CLASS = YES_ERROR;
				CLANG_WARN_QUOTED_INCLUDE_IN_FRAMEWORK_HEADER = YES;
				CLANG_WARN_RANGE_LOOP_ANALYSIS = YES;
				CLANG_WARN_STRICT_PROTOTYPES = YES;
				CLANG_WARN_SUSPICIOUS_MOVE = YES;
				CLANG_WARN_UNGUARDED_AVAILABILITY = YES_AGGRESSIVE;
				CLANG_WARN_UNREACHABLE_CODE = YES;
				CLANG_WARN__DUPLICATE_METHOD_MATCH = YES;
				COPY_PHASE_STRIP = NO;
				DEBUG_INFORMATION_FORMAT = "dwarf-with-dsym";
				ENABLE_NS_ASSERTIONS = NO;
				ENABLE_STRICT_OBJC_MSGSEND = YES;
				GCC_C_LANGUAGE_STANDARD = gnu11;
				GCC_NO_COMMON_BLOCKS = YES;
				GCC_WARN_64_TO_32_BIT_CONVERSION = YES;
				GCC_WARN_ABOUT_RETURN_TYPE = YES_ERROR;
				GCC_WARN_UNDECLARED_SELECTOR = YES;
				GCC_WARN_UNINITIALIZED_AUTOS = YES_AGGRESSIVE;
				GCC_WARN_UNUSED_FUNCTION = YES;
				GCC_WARN_UNUSED_VARIABLE = YES;
				IPHONEOS_DEPLOYMENT_TARGET = 16.1;
				MTL_ENABLE_DEBUG_INFO = NO;
				MTL_FAST_MATH = YES;
				SDKROOT = iphoneos;
				SWIFT_COMPILATION_MODE = wholemodule;
				SWIFT_OPTIMIZATION_LEVEL = "-O";
				VALIDATE_PRODUCT = YES;
			};
			name = Release;
		};
		2F9C83CD291E36C800BF5602 /* Debug */ = {
			isa = XCBuildConfiguration;
			buildSettings = {
				ASSETCATALOG_COMPILER_APPICON_NAME = AppIcon;
				ASSETCATALOG_COMPILER_GLOBAL_ACCENT_COLOR_NAME = AccentColor;
				CODE_SIGN_STYLE = Automatic;
				CURRENT_PROJECT_VERSION = 1;
				DEVELOPMENT_TEAM = KU4CQ7X9X4;
				GENERATE_INFOPLIST_FILE = YES;
				INFOPLIST_FILE = CloneGalaxyCinema/Info.plist;
				INFOPLIST_KEY_UIApplicationSupportsIndirectInputEvents = YES;
				INFOPLIST_KEY_UILaunchStoryboardName = LaunchScreen;
				INFOPLIST_KEY_UISupportedInterfaceOrientations_iPad = "UIInterfaceOrientationPortrait UIInterfaceOrientationPortraitUpsideDown UIInterfaceOrientationLandscapeLeft UIInterfaceOrientationLandscapeRight";
				INFOPLIST_KEY_UISupportedInterfaceOrientations_iPhone = "UIInterfaceOrientationPortrait UIInterfaceOrientationLandscapeLeft UIInterfaceOrientationLandscapeRight";
				LD_RUNPATH_SEARCH_PATHS = (
					"$(inherited)",
					"@executable_path/Frameworks",
				);
				MARKETING_VERSION = 1.0;
				PRODUCT_BUNDLE_IDENTIFIER = com.toantran.CloneGalaxyCinema;
				PRODUCT_NAME = "$(TARGET_NAME)";
				SWIFT_EMIT_LOC_STRINGS = YES;
				SWIFT_VERSION = 5.0;
				TARGETED_DEVICE_FAMILY = "1,2";
			};
			name = Debug;
		};
		2F9C83CE291E36C800BF5602 /* Release */ = {
			isa = XCBuildConfiguration;
			buildSettings = {
				ASSETCATALOG_COMPILER_APPICON_NAME = AppIcon;
				ASSETCATALOG_COMPILER_GLOBAL_ACCENT_COLOR_NAME = AccentColor;
				CODE_SIGN_STYLE = Automatic;
				CURRENT_PROJECT_VERSION = 1;
				DEVELOPMENT_TEAM = KU4CQ7X9X4;
				GENERATE_INFOPLIST_FILE = YES;
				INFOPLIST_FILE = CloneGalaxyCinema/Info.plist;
				INFOPLIST_KEY_UIApplicationSupportsIndirectInputEvents = YES;
				INFOPLIST_KEY_UILaunchStoryboardName = LaunchScreen;
				INFOPLIST_KEY_UISupportedInterfaceOrientations_iPad = "UIInterfaceOrientationPortrait UIInterfaceOrientationPortraitUpsideDown UIInterfaceOrientationLandscapeLeft UIInterfaceOrientationLandscapeRight";
				INFOPLIST_KEY_UISupportedInterfaceOrientations_iPhone = "UIInterfaceOrientationPortrait UIInterfaceOrientationLandscapeLeft UIInterfaceOrientationLandscapeRight";
				LD_RUNPATH_SEARCH_PATHS = (
					"$(inherited)",
					"@executable_path/Frameworks",
				);
				MARKETING_VERSION = 1.0;
				PRODUCT_BUNDLE_IDENTIFIER = com.toantran.CloneGalaxyCinema;
				PRODUCT_NAME = "$(TARGET_NAME)";
				SWIFT_EMIT_LOC_STRINGS = YES;
				SWIFT_VERSION = 5.0;
				TARGETED_DEVICE_FAMILY = "1,2";
			};
			name = Release;
		};
/* End XCBuildConfiguration section */

/* Begin XCConfigurationList section */
		2F9C83B3291E36C400BF5602 /* Build configuration list for PBXProject "CloneGalaxyCinema" */ = {
			isa = XCConfigurationList;
			buildConfigurations = (
				2F9C83CA291E36C800BF5602 /* Debug */,
				2F9C83CB291E36C800BF5602 /* Release */,
			);
			defaultConfigurationIsVisible = 0;
			defaultConfigurationName = Release;
		};
		2F9C83CC291E36C800BF5602 /* Build configuration list for PBXNativeTarget "CloneGalaxyCinema" */ = {
			isa = XCConfigurationList;
			buildConfigurations = (
				2F9C83CD291E36C800BF5602 /* Debug */,
				2F9C83CE291E36C800BF5602 /* Release */,
			);
			defaultConfigurationIsVisible = 0;
			defaultConfigurationName = Release;
		};
/* End XCConfigurationList section */

/* Begin XCRemoteSwiftPackageReference section */
		2F929462292C7F1000E79106 /* XCRemoteSwiftPackageReference "ALRadioButtons" */ = {
			isa = XCRemoteSwiftPackageReference;
			repositoryURL = "https://github.com/alxrguz/ALRadioButtons";
			requirement = {
				kind = upToNextMajorVersion;
				minimumVersion = 1.0.0;
			};
		};
/* End XCRemoteSwiftPackageReference section */

/* Begin XCSwiftPackageProductDependency section */
		2F929463292C7F1000E79106 /* ALRadioButtons */ = {
			isa = XCSwiftPackageProductDependency;
			package = 2F929462292C7F1000E79106 /* XCRemoteSwiftPackageReference "ALRadioButtons" */;
			productName = ALRadioButtons;
		};
/* End XCSwiftPackageProductDependency section */
	};
	rootObject = 2F9C83B0291E36C400BF5602 /* Project object */;
}
